
Microsoft Visual Studio Solution File, Format Version 12.00
# Visual Studio Version 17
VisualStudioVersion = 17.3.32929.385
MinimumVisualStudioVersion = 10.0.40219.1
Project("{9A19103F-16F7-4668-BE54-9A1E7A4F7556}") = "Spydersoft.Identity", "Spydersoft.Identity\Spydersoft.Identity.csproj", "{0C9542C0-E49B-44B8-9E1D-F9AAA5227248}"
EndProject
Project("{FAE04EC0-301F-11D3-BF4B-00C04F79EFBC}") = "Spydersoft.Identity.Tests", "Spydersoft.Identity.Tests\Spydersoft.Identity.Tests.csproj", "{BD9E7722-7364-426B-813E-F64E2FEA3019}"
EndProject
Global
	GlobalSection(SolutionConfigurationPlatforms) = preSolution
		Debug|Any CPU = Debug|Any CPU
		Release|Any CPU = Release|Any CPU
	EndGlobalSection
	GlobalSection(ProjectConfigurationPlatforms) = postSolution
		{0C9542C0-E49B-44B8-9E1D-F9AAA5227248}.Debug|Any CPU.ActiveCfg = Debug|Any CPU
		{0C9542C0-E49B-44B8-9E1D-F9AAA5227248}.Debug|Any CPU.Build.0 = Debug|Any CPU
		{0C9542C0-E49B-44B8-9E1D-F9AAA5227248}.Release|Any CPU.ActiveCfg = Release|Any CPU
		{0C9542C0-E49B-44B8-9E1D-F9AAA5227248}.Release|Any CPU.Build.0 = Release|Any CPU
		{BD9E7722-7364-426B-813E-F64E2FEA3019}.Debug|Any CPU.ActiveCfg = Debug|Any CPU
		{BD9E7722-7364-426B-813E-F64E2FEA3019}.Debug|Any CPU.Build.0 = Debug|Any CPU
		{BD9E7722-7364-426B-813E-F64E2FEA3019}.Release|Any CPU.ActiveCfg = Release|Any CPU
		{BD9E7722-7364-426B-813E-F64E2FEA3019}.Release|Any CPU.Build.0 = Release|Any CPU
	EndGlobalSection
	GlobalSection(SolutionProperties) = preSolution
		HideSolutionNode = FALSE
	EndGlobalSection
	GlobalSection(ExtensibilityGlobals) = postSolution
		SolutionGuid = {EAEB2A6E-B8B9-4B3C-8605-E72914019A72}
	EndGlobalSection
EndGlobal
